# THIS IS AN AUTOGENERATED FILE. DO NOT EDIT THIS FILE DIRECTLY.
# yarn lockfile v1


"@types/react@*":
  version "15.0.12"
  resolved "https://registry.yarnpkg.com/@types/react/-/react-15.0.12.tgz#aea95e45631bd745be45d65c2dc02327848212f2"

asap@~2.0.3:
  version "2.0.5"
  resolved "https://registry.yarnpkg.com/asap/-/asap-2.0.5.tgz#522765b50c3510490e52d7dcfe085ef9ba96958f"

babel-polyfill@6.22.0:
  version "6.22.0"
  resolved "https://registry.yarnpkg.com/babel-polyfill/-/babel-polyfill-6.22.0.tgz#1ac99ebdcc6ba4db1e2618c387b2084a82154a3b"
  dependencies:
    babel-runtime "^6.22.0"
    core-js "^2.4.0"
    regenerator-runtime "^0.10.0"

babel-runtime@^6.22.0:
  version "6.23.0"
  resolved "https://registry.yarnpkg.com/babel-runtime/-/babel-runtime-6.23.0.tgz#0a9489f144de70efb3ce4300accdb329e2fc543b"
  dependencies:
    core-js "^2.4.0"
    regenerator-runtime "^0.10.0"

balanced-match@^1.0.0:
  version "1.0.0"
  resolved "https://registry.yarnpkg.com/balanced-match/-/balanced-match-1.0.0.tgz#89b4d199ab2bee49de164ea02b89ce462d71b767"

brace-expansion@^1.1.7:
  version "1.1.8"
  resolved "https://registry.yarnpkg.com/brace-expansion/-/brace-expansion-1.1.8.tgz#c07b211c7c952ec1f8efd51a77ef0d1d3990a292"
  dependencies:
    balanced-match "^1.0.0"
    concat-map "0.0.1"

classnames@2.2.5:
  version "2.2.5"
  resolved "https://registry.yarnpkg.com/classnames/-/classnames-2.2.5.tgz#fb3801d453467649ef3603c7d61a02bd129bde6d"

commander@^2.9.0:
  version "2.9.0"
  resolved "https://registry.yarnpkg.com/commander/-/commander-2.9.0.tgz#9c99094176e12240cb22d6c5146098400fe0f7d4"
  dependencies:
    graceful-readlink ">= 1.0.0"

concat-map@0.0.1:
  version "0.0.1"
  resolved "https://registry.yarnpkg.com/concat-map/-/concat-map-0.0.1.tgz#d8a96bd77fd68df7793a73036a3ba0d5405d477b"

core-js@^1.0.0:
  version "1.2.7"
  resolved "https://registry.yarnpkg.com/core-js/-/core-js-1.2.7.tgz#652294c14651db28fa93bd2d5ff2983a4f08c636"

core-js@^2.4.0:
  version "2.4.1"
  resolved "https://registry.yarnpkg.com/core-js/-/core-js-2.4.1.tgz#4de911e667b0eae9124e34254b53aea6fc618d3e"

deep-diff@0.3.4:
  version "0.3.4"
  resolved "https://registry.yarnpkg.com/deep-diff/-/deep-diff-0.3.4.tgz#aac5c39952236abe5f037a2349060ba01b00ae48"

encoding@^0.1.11:
  version "0.1.12"
  resolved "https://registry.yarnpkg.com/encoding/-/encoding-0.1.12.tgz#538b66f3ee62cd1ab51ec323829d1f9480c74beb"
  dependencies:
    iconv-lite "~0.4.13"

exenv@^1.2.1:
  version "1.2.1"
  resolved "https://registry.yarnpkg.com/exenv/-/exenv-1.2.1.tgz#75de1c8dee02e952b102aa17f8875973e0df14f9"

fbjs@^0.8.1, fbjs@^0.8.4:
  version "0.8.9"
  resolved "https://registry.yarnpkg.com/fbjs/-/fbjs-0.8.9.tgz#180247fbd347dcc9004517b904f865400a0c8f14"
  dependencies:
    core-js "^1.0.0"
    isomorphic-fetch "^2.1.1"
    loose-envify "^1.0.0"
    object-assign "^4.1.0"
    promise "^7.1.1"
    setimmediate "^1.0.5"
    ua-parser-js "^0.7.9"

flow-bin@0.38.0:
  version "0.38.0"
  resolved "https://registry.yarnpkg.com/flow-bin/-/flow-bin-0.38.0.tgz#3ae096d401c969cc8b5798253fb82381e2d0237a"

flow-scripts@0.1.0:
  version "0.1.0"
  resolved "https://registry.yarnpkg.com/flow-scripts/-/flow-scripts-0.1.0.tgz#b59f70f91c1c0cec5e332684ae068ba4a4d88ef1"
  dependencies:
    commander "^2.9.0"

"flow-scripts@file:..":
  version "0.3.0"
  dependencies:
    commander "^2.9.0"
    glob "^7.1.2"
    lodash "^4.17.4"

fs.realpath@^1.0.0:
  version "1.0.0"
  resolved "https://registry.yarnpkg.com/fs.realpath/-/fs.realpath-1.0.0.tgz#1504ad2523158caa40db4a2787cb01411994ea4f"

glob@^7.1.2:
  version "7.1.2"
  resolved "https://registry.yarnpkg.com/glob/-/glob-7.1.2.tgz#c19c9df9a028702d678612384a6552404c636d15"
  dependencies:
    fs.realpath "^1.0.0"
    inflight "^1.0.4"
    inherits "2"
    minimatch "^3.0.4"
    once "^1.3.0"
    path-is-absolute "^1.0.0"

"graceful-readlink@>= 1.0.0":
  version "1.0.1"
  resolved "https://registry.yarnpkg.com/graceful-readlink/-/graceful-readlink-1.0.1.tgz#4cafad76bc62f02fa039b2f94e9a3dd3a391a725"

history@^3.0.0:
  version "3.2.1"
  resolved "https://registry.yarnpkg.com/history/-/history-3.2.1.tgz#71c7497f4e6090363d19a6713bb52a1bfcdd99aa"
  dependencies:
    invariant "^2.2.1"
    loose-envify "^1.2.0"
    query-string "^4.2.2"
    warning "^3.0.0"

hoist-non-react-statics@^1.0.3, hoist-non-react-statics@^1.2.0:
  version "1.2.0"
  resolved "https://registry.yarnpkg.com/hoist-non-react-statics/-/hoist-non-react-statics-1.2.0.tgz#aa448cf0986d55cc40773b17174b7dd066cb7cfb"

iconv-lite@~0.4.13:
  version "0.4.15"
  resolved "https://registry.yarnpkg.com/iconv-lite/-/iconv-lite-0.4.15.tgz#fe265a218ac6a57cfe854927e9d04c19825eddeb"

immutable@^3.8.1:
  version "3.8.1"
  resolved "https://registry.yarnpkg.com/immutable/-/immutable-3.8.1.tgz#200807f11ab0f72710ea485542de088075f68cd2"

inflight@^1.0.4:
  version "1.0.6"
  resolved "https://registry.yarnpkg.com/inflight/-/inflight-1.0.6.tgz#49bd6331d7d02d0c09bc910a1075ba8165b56df9"
  dependencies:
    once "^1.3.0"
    wrappy "1"

inherits@2:
  version "2.0.3"
  resolved "https://registry.yarnpkg.com/inherits/-/inherits-2.0.3.tgz#633c2c83e3da42a502f52466022480f4208261de"

invariant@^2.0.0, invariant@^2.2.1:
  version "2.2.2"
  resolved "https://registry.yarnpkg.com/invariant/-/invariant-2.2.2.tgz#9e1f56ac0acdb6bf303306f338be3b204ae60360"
  dependencies:
    loose-envify "^1.0.0"

is-stream@^1.0.1:
  version "1.1.0"
  resolved "https://registry.yarnpkg.com/is-stream/-/is-stream-1.1.0.tgz#12d4a3dd4e68e0b79ceb8dbc84173ae80d91ca44"

isomorphic-fetch@^2.1.1:
  version "2.2.1"
  resolved "https://registry.yarnpkg.com/isomorphic-fetch/-/isomorphic-fetch-2.2.1.tgz#611ae1acf14f5e81f729507472819fe9733558a9"
  dependencies:
    node-fetch "^1.0.1"
    whatwg-fetch ">=0.10.0"

js-tokens@^3.0.0:
  version "3.0.1"
  resolved "https://registry.yarnpkg.com/js-tokens/-/js-tokens-3.0.1.tgz#08e9f132484a2c45a30907e9dc4d5567b7f114d7"

json-stringify-safe@^5.0.1:
  version "5.0.1"
  resolved "https://registry.yarnpkg.com/json-stringify-safe/-/json-stringify-safe-5.0.1.tgz#1296a2d58fd45f19a0f6ce01d65701e2c735b6eb"

lodash-es@^4.2.0, lodash-es@^4.2.1:
  version "4.17.4"
  resolved "https://registry.yarnpkg.com/lodash-es/-/lodash-es-4.17.4.tgz#dcc1d7552e150a0640073ba9cb31d70f032950e7"

lodash._getnative@^3.0.0:
  version "3.9.1"
  resolved "https://registry.yarnpkg.com/lodash._getnative/-/lodash._getnative-3.9.1.tgz#570bc7dede46d61cdcde687d65d3eecbaa3aaff5"

lodash.isarguments@^3.0.0:
  version "3.1.0"
  resolved "https://registry.yarnpkg.com/lodash.isarguments/-/lodash.isarguments-3.1.0.tgz#2f573d85c6a24289ff00663b491c1d338ff3458a"

lodash.isarray@^3.0.0:
  version "3.0.4"
  resolved "https://registry.yarnpkg.com/lodash.isarray/-/lodash.isarray-3.0.4.tgz#79e4eb88c36a8122af86f844aa9bcd851b5fbb55"

lodash.keys@^3.1.2:
  version "3.1.2"
  resolved "https://registry.yarnpkg.com/lodash.keys/-/lodash.keys-3.1.2.tgz#4dbc0472b156be50a0b286855d1bd0b0c656098a"
  dependencies:
    lodash._getnative "^3.0.0"
    lodash.isarguments "^3.0.0"
    lodash.isarray "^3.0.0"

lodash@4.17.4, lodash@^4.17.4, lodash@^4.2.0, lodash@^4.2.1:
  version "4.17.4"
  resolved "https://registry.yarnpkg.com/lodash/-/lodash-4.17.4.tgz#78203a4d1c328ae1d86dca6460e369b57f4055ae"

loose-envify@^1.0.0, loose-envify@^1.1.0, loose-envify@^1.2.0:
  version "1.3.1"
  resolved "https://registry.yarnpkg.com/loose-envify/-/loose-envify-1.3.1.tgz#d1a8ad33fa9ce0e713d65fdd0ac8b748d478c848"
  dependencies:
    js-tokens "^3.0.0"

minimatch@^3.0.4:
  version "3.0.4"
  resolved "https://registry.yarnpkg.com/minimatch/-/minimatch-3.0.4.tgz#5166e286457f03306064be5497e8dbb0c3d32083"
  dependencies:
    brace-expansion "^1.1.7"

moment@2.17.1:
  version "2.17.1"
  resolved "https://registry.yarnpkg.com/moment/-/moment-2.17.1.tgz#fed9506063f36b10f066c8b59a144d7faebe1d82"

node-fetch@^1.0.1:
  version "1.6.3"
  resolved "https://registry.yarnpkg.com/node-fetch/-/node-fetch-1.6.3.tgz#dc234edd6489982d58e8f0db4f695029abcd8c04"
  dependencies:
    encoding "^0.1.11"
    is-stream "^1.0.1"

object-assign@^4.0.1, object-assign@^4.1.0:
  version "4.1.1"
  resolved "https://registry.yarnpkg.com/object-assign/-/object-assign-4.1.1.tgz#2109adc7965887cfc05cbbd442cac8bfbb360863"

once@^1.3.0:
  version "1.4.0"
  resolved "https://registry.yarnpkg.com/once/-/once-1.4.0.tgz#583b1aa775961d4b113ac17d9c50baef9dd76bd1"
  dependencies:
    wrappy "1"

path-is-absolute@^1.0.0:
  version "1.0.1"
  resolved "https://registry.yarnpkg.com/path-is-absolute/-/path-is-absolute-1.0.1.tgz#174b9268735534ffbc7ace6bf53a5a9e1b5c5f5f"

promise@^7.1.1:
  version "7.1.1"
  resolved "https://registry.yarnpkg.com/promise/-/promise-7.1.1.tgz#489654c692616b8aa55b0724fa809bb7db49c5bf"
  dependencies:
    asap "~2.0.3"

query-string@^4.2.2:
  version "4.3.2"
  resolved "https://registry.yarnpkg.com/query-string/-/query-string-4.3.2.tgz#ec0fd765f58a50031a3968c2431386f8947a5cdd"
  dependencies:
    object-assign "^4.1.0"
    strict-uri-encode "^1.0.0"

raven-js@3.9.1:
  version "3.9.1"
  resolved "https://registry.yarnpkg.com/raven-js/-/raven-js-3.9.1.tgz#d0482100849ea0ab91058308dfa1ec97bc073bac"
  dependencies:
    json-stringify-safe "^5.0.1"

react-autobind@1.0.6:
  version "1.0.6"
  resolved "https://registry.yarnpkg.com/react-autobind/-/react-autobind-1.0.6.tgz#936bb58edf6b89b619c50f82f0e617159fdfd4f1"

react-document-title@2.0.2:
  version "2.0.2"
  resolved "https://registry.yarnpkg.com/react-document-title/-/react-document-title-2.0.2.tgz#1e42b672d300f8f90d8d05544b0d71f0ca7860aa"
  dependencies:
    react-side-effect "^1.0.2"

react-dom@15.4.2:
  version "15.4.2"
  resolved "https://registry.yarnpkg.com/react-dom/-/react-dom-15.4.2.tgz#015363f05b0a1fd52ae9efdd3a0060d90695208f"
  dependencies:
    fbjs "^0.8.1"
    loose-envify "^1.1.0"
    object-assign "^4.1.0"

react-ga@2.1.2:
  version "2.1.2"
  resolved "https://registry.yarnpkg.com/react-ga/-/react-ga-2.1.2.tgz#7af206c5e8761d7176e15773fe826acdb70ac653"
  dependencies:
    object-assign "^4.0.1"

react-google-login@^2.8.2:
  version "2.8.2"
  resolved "https://registry.yarnpkg.com/react-google-login/-/react-google-login-2.8.2.tgz#61ad71c3e65e07df2f818ffca1bfa156e072b972"
  dependencies:
    "@types/react" "*"

react-redux@5.0.2:
  version "5.0.2"
  resolved "https://registry.yarnpkg.com/react-redux/-/react-redux-5.0.2.tgz#3d9878f5f71c6fafcd45de1fbb162ea31f389814"
  dependencies:
    hoist-non-react-statics "^1.0.3"
    invariant "^2.0.0"
    lodash "^4.2.0"
    lodash-es "^4.2.0"
    loose-envify "^1.1.0"

react-router-redux@4.0.7:
  version "4.0.7"
  resolved "https://registry.yarnpkg.com/react-router-redux/-/react-router-redux-4.0.7.tgz#9b1fde4e70106c50f47214e12bdd888cfb96e2a6"

react-router@3.0.2:
  version "3.0.2"
  resolved "https://registry.yarnpkg.com/react-router/-/react-router-3.0.2.tgz#5a19156678810e01d81901f9c0fef63284b8a514"
  dependencies:
    history "^3.0.0"
    hoist-non-react-statics "^1.2.0"
    invariant "^2.2.1"
    loose-envify "^1.2.0"
    warning "^3.0.0"

react-side-effect@^1.0.2:
  version "1.1.0"
  resolved "https://registry.yarnpkg.com/react-side-effect/-/react-side-effect-1.1.0.tgz#57209f7ebc940d55e0fda82fe51422654175d609"
  dependencies:
    exenv "^1.2.1"
    shallowequal "^0.2.2"

react@15.4.2:
  version "15.4.2"
  resolved "https://registry.yarnpkg.com/react/-/react-15.4.2.tgz#41f7991b26185392ba9bae96c8889e7e018397ef"
  dependencies:
    fbjs "^0.8.4"
    loose-envify "^1.1.0"
    object-assign "^4.1.0"

redux-logger@2.7.4:
  version "2.7.4"
  resolved "https://registry.yarnpkg.com/redux-logger/-/redux-logger-2.7.4.tgz#891e5d29e7f111d08b5781a237b9965b5858c7f8"
  dependencies:
    deep-diff "0.3.4"

redux-thunk@2.2.0:
  version "2.2.0"
  resolved "https://registry.yarnpkg.com/redux-thunk/-/redux-thunk-2.2.0.tgz#e615a16e16b47a19a515766133d1e3e99b7852e5"

redux@3.6.0:
  version "3.6.0"
  resolved "https://registry.yarnpkg.com/redux/-/redux-3.6.0.tgz#887c2b3d0b9bd86eca2be70571c27654c19e188d"
  dependencies:
    lodash "^4.2.1"
    lodash-es "^4.2.1"
    loose-envify "^1.1.0"
    symbol-observable "^1.0.2"

regenerator-runtime@^0.10.0:
  version "0.10.3"
  resolved "https://registry.yarnpkg.com/regenerator-runtime/-/regenerator-runtime-0.10.3.tgz#8c4367a904b51ea62a908ac310bf99ff90a82a3e"

setimmediate@^1.0.5:
  version "1.0.5"
  resolved "https://registry.yarnpkg.com/setimmediate/-/setimmediate-1.0.5.tgz#290cbb232e306942d7d7ea9b83732ab7856f8285"

shallowequal@^0.2.2:
  version "0.2.2"
  resolved "https://registry.yarnpkg.com/shallowequal/-/shallowequal-0.2.2.tgz#1e32fd5bcab6ad688a4812cb0cc04efc75c7014e"
  dependencies:
    lodash.keys "^3.1.2"

strict-uri-encode@^1.0.0:
  version "1.1.0"
  resolved "https://registry.yarnpkg.com/strict-uri-encode/-/strict-uri-encode-1.1.0.tgz#279b225df1d582b1f54e65addd4352e18faa0713"

symbol-observable@^1.0.2:
  version "1.0.4"
  resolved "https://registry.yarnpkg.com/symbol-observable/-/symbol-observable-1.0.4.tgz#29bf615d4aa7121bdd898b22d4b3f9bc4e2aa03d"

ua-parser-js@^0.7.9:
  version "0.7.12"
  resolved "https://registry.yarnpkg.com/ua-parser-js/-/ua-parser-js-0.7.12.tgz#04c81a99bdd5dc52263ea29d24c6bf8d4818a4bb"

warning@^3.0.0:
  version "3.0.0"
  resolved "https://registry.yarnpkg.com/warning/-/warning-3.0.0.tgz#32e5377cb572de4ab04753bdf8821c01ed605b7c"
  dependencies:
    loose-envify "^1.0.0"

whatwg-fetch@>=0.10.0:
  version "2.0.2"
  resolved "https://registry.yarnpkg.com/whatwg-fetch/-/whatwg-fetch-2.0.2.tgz#fe294d1d89e36c5be8b3195057f2e4bc74fc980e"

wrappy@1:
  version "1.0.2"
  resolved "https://registry.yarnpkg.com/wrappy/-/wrappy-1.0.2.tgz#b5243d8f3ec1aa35f1364605bc0d1036e30ab69f"
